<?xml version="1.0" encoding="UTF-8" standalone="yes" ?>
<CodeBlocks_project_file>
	<FileVersion major="1" minor="6" />
	<Project>
		<Option title="Logstalgia" />
		<Option pch_mode="2" />
		<Option compiler="gcc" />
		<Build>
			<Target title="default">
				<Option output="logstalgia" prefix_auto="1" extension_auto="1" />
				<Option type="0" />
				<Option compiler="gcc" />
			</Target>
		</Build>
		<Compiler>
			<Add option="-std=gnu++0x" />
			<Add option="-Dmain=SDL_main" />
			<Add option="-DGLM_SWIZZLE" />
		</Compiler>
		<Linker>
			<Add option="glew32.dll" />
			<Add option="-static-libstdc++" />
			<Add option="-static-libgcc" />
			<Add option="-mconsole" />
			<Add library="mingw32" />
			<Add library="SDL2main" />
			<Add library="SDL2" />
			<Add library="opengl32" />
			<Add library="glu32" />
			<Add library="SDL2_image" />
			<Add library="pcre" />
			<Add library="glew32" />
			<Add library="freetype" />
			<Add library="libpng16.dll.a" />
		</Linker>
		<Unit filename="src/ball.cpp" />
		<Unit filename="src/ball.h" />
		<Unit filename="src/core/bounds.h" />
		<Unit filename="src/core/conffile.cpp" />
		<Unit filename="src/core/conffile.h" />
		<Unit filename="src/core/display.cpp" />
		<Unit filename="src/core/display.h" />
		<Unit filename="src/core/frustum.cpp" />
		<Unit filename="src/core/frustum.h" />
		<Unit filename="src/core/fxfont.cpp" />
		<Unit filename="src/core/fxfont.h" />
		<Unit filename="src/core/gl.h" />
		<Unit filename="src/core/logger.cpp" />
		<Unit filename="src/core/logger.h" />
		<Unit filename="src/core/pi.h" />
		<Unit filename="src/core/plane.cpp" />
		<Unit filename="src/core/plane.h" />
		<Unit filename="src/core/png_writer.cpp" />
		<Unit filename="src/core/png_writer.h" />
		<Unit filename="src/core/ppm.cpp" />
		<Unit filename="src/core/ppm.h" />
		<Unit filename="src/core/quadtree.cpp" />
		<Unit filename="src/core/quadtree.h" />
		<Unit filename="src/core/regex.cpp" />
		<Unit filename="src/core/regex.h" />
		<Unit filename="src/core/resource.cpp" />
		<Unit filename="src/core/resource.h" />
		<Unit filename="src/core/sdlapp.cpp" />
		<Unit filename="src/core/sdlapp.h" />
		<Unit filename="src/core/seeklog.cpp" />
		<Unit filename="src/core/seeklog.h" />
		<Unit filename="src/core/settings.cpp" />
		<Unit filename="src/core/settings.h" />
		<Unit filename="src/core/shader.cpp" />
		<Unit filename="src/core/shader.h" />
		<Unit filename="src/core/shader_common.cpp" />
		<Unit filename="src/core/shader_common.h" />
		<Unit filename="src/core/stringhash.cpp" />
		<Unit filename="src/core/stringhash.h" />
		<Unit filename="src/core/texture.cpp" />
		<Unit filename="src/core/texture.h" />
		<Unit filename="src/core/timezone.cpp" />
		<Unit filename="src/core/timezone.h" />
		<Unit filename="src/core/vbo.cpp" />
		<Unit filename="src/core/vbo.h" />
		<Unit filename="src/core/vectors.cpp" />
		<Unit filename="src/core/vectors.h" />
		<Unit filename="src/custom.cpp" />
		<Unit filename="src/custom.h" />
		<Unit filename="src/logentry.cpp" />
		<Unit filename="src/logentry.h" />
		<Unit filename="src/logstalgia.cpp" />
		<Unit filename="src/logstalgia.h" />
		<Unit filename="src/main.cpp" />
		<Unit filename="src/main.h" />
		<Unit filename="src/ncsa.cpp" />
		<Unit filename="src/ncsa.h" />
		<Unit filename="src/paddle.cpp" />
		<Unit filename="src/paddle.h" />
		<Unit filename="src/requestball.cpp" />
		<Unit filename="src/requestball.h" />
		<Unit filename="src/settings.cpp" />
		<Unit filename="src/settings.h" />
		<Unit filename="src/slider.cpp" />
		<Unit filename="src/slider.h" />
		<Unit filename="src/summarizer.cpp" />
		<Unit filename="src/summarizer.h" />
		<Unit filename="src/textarea.cpp" />
		<Unit filename="src/textarea.h" />
		<Extensions>
			<code_completion />
			<envvars />
			<debugger />
		</Extensions>
	</Project>
</CodeBlocks_project_file>
